Microsoft Visual Studio Solution File, Format Version 11.00
# Visual Studio 2008

Project("{635262BA-01FC-163D-71B4-1CD05987FFD8}") = "Quicksilver_Project", "Assembly-CSharp.csproj", "{3B661266-BCA6-E8FB-4B83-634EECDB9D11}"
EndProject
Project("{635262BA-01FC-163D-71B4-1CD05987FFD8}") = "Quicksilver_Project", "Assembly-CSharp-Editor.csproj", "{8AF0DB46-1358-F53C-8F73-3C2761A0FDB5}"
EndProject
Project("{635262BA-01FC-163D-71B4-1CD05987FFD8}") = "Quicksilver_Project", "Assembly-Boo-Editor.booproj", "{406203CD-6D47-3D0D-250C-09F1FB4FEDE1}"
EndProject
Project("{635262BA-01FC-163D-71B4-1CD05987FFD8}") = "Quicksilver_Project", "Assembly-UnityScript.unityproj", "{3373E4EA-E3E2-8ACF-C105-BD1893101D12}"
EndProject
Project("{635262BA-01FC-163D-71B4-1CD05987FFD8}") = "Quicksilver_Project", "Assembly-UnityScript-Editor.unityproj", "{40DF26CB-47D7-EED2-5C69-5369E96A75D3}"
EndProject
Global
	GlobalSection(SolutionConfigurationPlatforms) = preSolution
		Debug|Any CPU = Debug|Any CPU
		Release|Any CPU = Release|Any CPU
	EndGlobalSection
	GlobalSection(ProjectConfigurationPlatforms) = postSolution
		{3B661266-BCA6-E8FB-4B83-634EECDB9D11}.Debug|Any CPU.ActiveCfg = Debug|Any CPU
		{3B661266-BCA6-E8FB-4B83-634EECDB9D11}.Debug|Any CPU.Build.0 = Debug|Any CPU
		{3B661266-BCA6-E8FB-4B83-634EECDB9D11}.Release|Any CPU.ActiveCfg = Release|Any CPU
		{3B661266-BCA6-E8FB-4B83-634EECDB9D11}.Release|Any CPU.Build.0 = Release|Any CPU
		{8AF0DB46-1358-F53C-8F73-3C2761A0FDB5}.Debug|Any CPU.ActiveCfg = Debug|Any CPU
		{8AF0DB46-1358-F53C-8F73-3C2761A0FDB5}.Debug|Any CPU.Build.0 = Debug|Any CPU
		{8AF0DB46-1358-F53C-8F73-3C2761A0FDB5}.Release|Any CPU.ActiveCfg = Release|Any CPU
		{8AF0DB46-1358-F53C-8F73-3C2761A0FDB5}.Release|Any CPU.Build.0 = Release|Any CPU
		{406203CD-6D47-3D0D-250C-09F1FB4FEDE1}.Debug|Any CPU.ActiveCfg = Debug|Any CPU
		{406203CD-6D47-3D0D-250C-09F1FB4FEDE1}.Debug|Any CPU.Build.0 = Debug|Any CPU
		{406203CD-6D47-3D0D-250C-09F1FB4FEDE1}.Release|Any CPU.ActiveCfg = Release|Any CPU
		{406203CD-6D47-3D0D-250C-09F1FB4FEDE1}.Release|Any CPU.Build.0 = Release|Any CPU
		{3373E4EA-E3E2-8ACF-C105-BD1893101D12}.Debug|Any CPU.ActiveCfg = Debug|Any CPU
		{3373E4EA-E3E2-8ACF-C105-BD1893101D12}.Debug|Any CPU.Build.0 = Debug|Any CPU
		{3373E4EA-E3E2-8ACF-C105-BD1893101D12}.Release|Any CPU.ActiveCfg = Release|Any CPU
		{3373E4EA-E3E2-8ACF-C105-BD1893101D12}.Release|Any CPU.Build.0 = Release|Any CPU
		{40DF26CB-47D7-EED2-5C69-5369E96A75D3}.Debug|Any CPU.ActiveCfg = Debug|Any CPU
		{40DF26CB-47D7-EED2-5C69-5369E96A75D3}.Debug|Any CPU.Build.0 = Debug|Any CPU
		{40DF26CB-47D7-EED2-5C69-5369E96A75D3}.Release|Any CPU.ActiveCfg = Release|Any CPU
		{40DF26CB-47D7-EED2-5C69-5369E96A75D3}.Release|Any CPU.Build.0 = Release|Any CPU
	EndGlobalSection
	GlobalSection(SolutionProperties) = preSolution
		HideSolutionNode = FALSE
	EndGlobalSection
							GlobalSection(MonoDevelopProperties) = preSolution
		StartupItem = Assembly-CSharp.csproj
		Policies = $0
		$0.TextStylePolicy = $1
		$1.inheritsSet = null
		$1.scope = text/x-csharp
		$0.CSharpFormattingPolicy = $2
		$2.inheritsSet = Mono
		$2.inheritsScope = text/x-csharp
		$2.scope = text/x-csharp
		$0.TextStylePolicy = $3
		$3.FileWidth = 120
		$3.TabWidth = 4
		$3.IndentWidth = 4
		$3.EolMarker = Unix
		$3.inheritsSet = Mono
		$3.inheritsScope = text/plain
		$3.scope = text/plain
	EndGlobalSection

EndGlobal
